{
  "requires": true,
  "lockfileVersion": 1,
  "dependencies": {
    "@freshworks/crayons": {
      "version": "2.0.4",
      "resolved": "https://registry.npmjs.org/@freshworks/crayons/-/crayons-2.0.4.tgz",
      "integrity": "sha512-CVFBhsDGOqB1wz763mlup9uD7ef0nD+5G7faG8n6XH1GePEs5RgfOkDp0y0wdk+CxbUZlnxvkph0/xMFsTvRRQ==",
      "requires": {
        "moment-mini": "^2.24.0",
        "stencil": "^0.0.5"
      }
    },
    "moment-mini": {
      "version": "2.24.0",
      "resolved": "https://registry.npmjs.org/moment-mini/-/moment-mini-2.24.0.tgz",
      "integrity": "sha512-9ARkWHBs+6YJIvrIp0Ik5tyTTtP9PoV0Ssu2Ocq5y9v8+NOOpWiRshAp8c4rZVWTOe+157on/5G+zj5pwIQFEQ=="
    },
    "stencil": {
      "version": "0.0.5",
      "resolved": "https://registry.npmjs.org/stencil/-/stencil-0.0.5.tgz",
      "integrity": "sha1-1x/dkz47H3JHNrXDiPGRp+f8HUc=",
      "requires": {
        "xmldom": "0.1.15"
      }
    },
    "xmldom": {
      "version": "0.1.15",
      "resolved": "https://registry.npmjs.org/xmldom/-/xmldom-0.1.15.tgz",
      "integrity": "sha1-swSAYvG91S7cQhQkRZ8G3O6y+U0="
    }
  }
}